// !$*UTF8*$!
{
	archiveVersion = 1;
	classes = {
	};
	objectVersion = 50;
	objects = {

/* Begin PBXBuildFile section */
		4B2D5D9625F67BD50031707B /* AppDelegate.swift in Sources */ = {isa = PBXBuildFile; fileRef = 4B2D5D9525F67BD50031707B /* AppDelegate.swift */; };
		4B2D5D9825F67BD50031707B /* SceneDelegate.swift in Sources */ = {isa = PBXBuildFile; fileRef = 4B2D5D9725F67BD50031707B /* SceneDelegate.swift */; };
		4B2D5D9A25F67BD50031707B /* ViewController.swift in Sources */ = {isa = PBXBuildFile; fileRef = 4B2D5D9925F67BD50031707B /* ViewController.swift */; };
		4B2D5D9D25F67BD50031707B /* Main.storyboard in Resources */ = {isa = PBXBuildFile; fileRef = 4B2D5D9B25F67BD50031707B /* Main.storyboard */; };
		4B2D5D9F25F67BD60031707B /* Assets.xcassets in Resources */ = {isa = PBXBuildFile; fileRef = 4B2D5D9E25F67BD60031707B /* Assets.xcassets */; };
		4B2D5DA225F67BD60031707B /* LaunchScreen.storyboard in Resources */ = {isa = PBXBuildFile; fileRef = 4B2D5DA025F67BD60031707B /* LaunchScreen.storyboard */; };
		4B2D5DB525F68A990031707B /* nssl0049.jpg in Resources */ = {isa = PBXBuildFile; fileRef = 4B2D5DAB25F68A990031707B /* nssl0049.jpg */; };
		4B2D5DB625F68A990031707B /* nssl0046.jpg in Resources */ = {isa = PBXBuildFile; fileRef = 4B2D5DAC25F68A990031707B /* nssl0046.jpg */; };
		4B2D5DB725F68A990031707B /* nssl0091.jpg in Resources */ = {isa = PBXBuildFile; fileRef = 4B2D5DAD25F68A990031707B /* nssl0091.jpg */; };
		4B2D5DB825F68A990031707B /* nssl0045.jpg in Resources */ = {isa = PBXBuildFile; fileRef = 4B2D5DAE25F68A990031707B /* nssl0045.jpg */; };
		4B2D5DB925F68A990031707B /* nssl0051.jpg in Resources */ = {isa = PBXBuildFile; fileRef = 4B2D5DAF25F68A990031707B /* nssl0051.jpg */; };
		4B2D5DBA25F68A990031707B /* nssl0041.jpg in Resources */ = {isa = PBXBuildFile; fileRef = 4B2D5DB025F68A990031707B /* nssl0041.jpg */; };
		4B2D5DBB25F68A990031707B /* nssl0042.jpg in Resources */ = {isa = PBXBuildFile; fileRef = 4B2D5DB125F68A990031707B /* nssl0042.jpg */; };
		4B2D5DBC25F68A990031707B /* nssl0043.jpg in Resources */ = {isa = PBXBuildFile; fileRef = 4B2D5DB225F68A990031707B /* nssl0043.jpg */; };
		4B2D5DBD25F68A990031707B /* nssl0033.jpg in Resources */ = {isa = PBXBuildFile; fileRef = 4B2D5DB325F68A990031707B /* nssl0033.jpg */; };
		4B2D5DBE25F68A990031707B /* nssl0034.jpg in Resources */ = {isa = PBXBuildFile; fileRef = 4B2D5DB425F68A990031707B /* nssl0034.jpg */; };
		4BEFAB6825F923D80044659F /* DetailViewController.swift in Sources */ = {isa = PBXBuildFile; fileRef = 4BEFAB6725F923D80044659F /* DetailViewController.swift */; };
/* End PBXBuildFile section */

/* Begin PBXFileReference section */
		4B2D5D9225F67BD50031707B /* Project1.app */ = {isa = PBXFileReference; explicitFileType = wrapper.application; includeInIndex = 0; path = Project1.app; sourceTree = BUILT_PRODUCTS_DIR; };
		4B2D5D9525F67BD50031707B /* AppDelegate.swift */ = {isa = PBXFileReference; lastKnownFileType = sourcecode.swift; path = AppDelegate.swift; sourceTree = "<group>"; };
		4B2D5D9725F67BD50031707B /* SceneDelegate.swift */ = {isa = PBXFileReference; lastKnownFileType = sourcecode.swift; path = SceneDelegate.swift; sourceTree = "<group>"; };
		4B2D5D9925F67BD50031707B /* ViewController.swift */ = {isa = PBXFileReference; lastKnownFileType = sourcecode.swift; path = ViewController.swift; sourceTree = "<group>"; };
		4B2D5D9C25F67BD50031707B /* Base */ = {isa = PBXFileReference; lastKnownFileType = file.storyboard; name = Base; path = Base.lproj/Main.storyboard; sourceTree = "<group>"; };
		4B2D5D9E25F67BD60031707B /* Assets.xcassets */ = {isa = PBXFileReference; lastKnownFileType = folder.assetcatalog; path = Assets.xcassets; sourceTree = "<group>"; };
		4B2D5DA125F67BD60031707B /* Base */ = {isa = PBXFileReference; lastKnownFileType = file.storyboard; name = Base; path = Base.lproj/LaunchScreen.storyboard; sourceTree = "<group>"; };
		4B2D5DA325F67BD60031707B /* Info.plist */ = {isa = PBXFileReference; lastKnownFileType = text.plist.xml; path = Info.plist; sourceTree = "<group>"; };
		4B2D5DAB25F68A990031707B /* nssl0049.jpg */ = {isa = PBXFileReference; lastKnownFileType = image.jpeg; path = nssl0049.jpg; sourceTree = "<group>"; };
		4B2D5DAC25F68A990031707B /* nssl0046.jpg */ = {isa = PBXFileReference; lastKnownFileType = image.jpeg; path = nssl0046.jpg; sourceTree = "<group>"; };
		4B2D5DAD25F68A990031707B /* nssl0091.jpg */ = {isa = PBXFileReference; lastKnownFileType = image.jpeg; path = nssl0091.jpg; sourceTree = "<group>"; };
		4B2D5DAE25F68A990031707B /* nssl0045.jpg */ = {isa = PBXFileReference; lastKnownFileType = image.jpeg; path = nssl0045.jpg; sourceTree = "<group>"; };
		4B2D5DAF25F68A990031707B /* nssl0051.jpg */ = {isa = PBXFileReference; lastKnownFileType = image.jpeg; path = nssl0051.jpg; sourceTree = "<group>"; };
		4B2D5DB025F68A990031707B /* nssl0041.jpg */ = {isa = PBXFileReference; lastKnownFileType = image.jpeg; path = nssl0041.jpg; sourceTree = "<group>"; };
		4B2D5DB125F68A990031707B /* nssl0042.jpg */ = {isa = PBXFileReference; lastKnownFileType = image.jpeg; path = nssl0042.jpg; sourceTree = "<group>"; };
		4B2D5DB225F68A990031707B /* nssl0043.jpg */ = {isa = PBXFileReference; lastKnownFileType = image.jpeg; path = nssl0043.jpg; sourceTree = "<group>"; };
		4B2D5DB325F68A990031707B /* nssl0033.jpg */ = {isa = PBXFileReference; lastKnownFileType = image.jpeg; path = nssl0033.jpg; sourceTree = "<group>"; };
		4B2D5DB425F68A990031707B /* nssl0034.jpg */ = {isa = PBXFileReference; lastKnownFileType = image.jpeg; path = nssl0034.jpg; sourceTree = "<group>"; };
		4BEFAB6725F923D80044659F /* DetailViewController.swift */ = {isa = PBXFileReference; lastKnownFileType = sourcecode.swift; path = DetailViewController.swift; sourceTree = "<group>"; };
/* End PBXFileReference section */

/* Begin PBXFrameworksBuildPhase section */
		4B2D5D8F25F67BD50031707B /* Frameworks */ = {
			isa = PBXFrameworksBuildPhase;
			buildActionMask = 2147483647;
			files = (
			);
			runOnlyForDeploymentPostprocessing = 0;
		};
/* End PBXFrameworksBuildPhase section */

/* Begin PBXGroup section */
		4B2D5D8925F67BD50031707B = {
			isa = PBXGroup;
			children = (
				4B2D5D9425F67BD50031707B /* Project1 */,
				4B2D5D9325F67BD50031707B /* Products */,
			);
			sourceTree = "<group>";
		};
		4B2D5D9325F67BD50031707B /* Products */ = {
			isa = PBXGroup;
			children = (
				4B2D5D9225F67BD50031707B /* Project1.app */,
			);
			name = Products;
			sourceTree = "<group>";
		};
		4B2D5D9425F67BD50031707B /* Project1 */ = {
			isa = PBXGroup;
			children = (
				4B2D5D9525F67BD50031707B /* AppDelegate.swift */,
				4B2D5D9725F67BD50031707B /* SceneDelegate.swift */,
				4B2D5D9925F67BD50031707B /* ViewController.swift */,
				4BEFAB6725F923D80044659F /* DetailViewController.swift */,
				4B2D5D9B25F67BD50031707B /* Main.storyboard */,
				4B2D5D9E25F67BD60031707B /* Assets.xcassets */,
				4B2D5DAA25F68A990031707B /* Content */,
				4B2D5DA025F67BD60031707B /* LaunchScreen.storyboard */,
				4B2D5DA325F67BD60031707B /* Info.plist */,
			);
			path = Project1;
			sourceTree = "<group>";
		};
		4B2D5DAA25F68A990031707B /* Content */ = {
			isa = PBXGroup;
			children = (
				4B2D5DAB25F68A990031707B /* nssl0049.jpg */,
				4B2D5DAC25F68A990031707B /* nssl0046.jpg */,
				4B2D5DAD25F68A990031707B /* nssl0091.jpg */,
				4B2D5DAE25F68A990031707B /* nssl0045.jpg */,
				4B2D5DAF25F68A990031707B /* nssl0051.jpg */,
				4B2D5DB025F68A990031707B /* nssl0041.jpg */,
				4B2D5DB125F68A990031707B /* nssl0042.jpg */,
				4B2D5DB225F68A990031707B /* nssl0043.jpg */,
				4B2D5DB325F68A990031707B /* nssl0033.jpg */,
				4B2D5DB425F68A990031707B /* nssl0034.jpg */,
			);
			path = Content;
			sourceTree = "<group>";
		};
/* End PBXGroup section */

/* Begin PBXNativeTarget section */
		4B2D5D9125F67BD50031707B /* Project1 */ = {
			isa = PBXNativeTarget;
			buildConfigurationList = 4B2D5DA625F67BD60031707B /* Build configuration list for PBXNativeTarget "Project1" */;
			buildPhases = (
				4B2D5D8E25F67BD50031707B /* Sources */,
				4B2D5D8F25F67BD50031707B /* Frameworks */,
				4B2D5D9025F67BD50031707B /* Resources */,
			);
			buildRules = (
			);
			dependencies = (
			);
			name = Project1;
			productName = Project1;
			productReference = 4B2D5D9225F67BD50031707B /* Project1.app */;
			productType = "com.apple.product-type.application";
		};
/* End PBXNativeTarget section */

/* Begin PBXProject section */
		4B2D5D8A25F67BD50031707B /* Project object */ = {
			isa = PBXProject;
			attributes = {
				LastSwiftUpdateCheck = 1240;
				LastUpgradeCheck = 1240;
				TargetAttributes = {
					4B2D5D9125F67BD50031707B = {
						CreatedOnToolsVersion = 12.4;
					};
				};
			};
			buildConfigurationList = 4B2D5D8D25F67BD50031707B /* Build configuration list for PBXProject "Project1" */;
			compatibilityVersion = "Xcode 9.3";
			developmentRegion = en;
			hasScannedForEncodings = 0;
			knownRegions = (
				en,
				Base,
			);
			mainGroup = 4B2D5D8925F67BD50031707B;
			productRefGroup = 4B2D5D9325F67BD50031707B /* Products */;
			projectDirPath = "";
			projectRoot = "";
			targets = (
				4B2D5D9125F67BD50031707B /* Project1 */,
			);
		};
/* End PBXProject section */

/* Begin PBXResourcesBuildPhase section */
		4B2D5D9025F67BD50031707B /* Resources */ = {
			isa = PBXResourcesBuildPhase;
			buildActionMask = 2147483647;
			files = (
				4B2D5DB625F68A990031707B /* nssl0046.jpg in Resources */,
				4B2D5DBD25F68A990031707B /* nssl0033.jpg in Resources */,
				4B2D5DB925F68A990031707B /* nssl0051.jpg in Resources */,
				4B2D5DB725F68A990031707B /* nssl0091.jpg in Resources */,
				4B2D5DBC25F68A990031707B /* nssl0043.jpg in Resources */,
				4B2D5DBE25F68A990031707B /* nssl0034.jpg in Resources */,
				4B2D5DB525F68A990031707B /* nssl0049.jpg in Resources */,
				4B2D5DBA25F68A990031707B /* nssl0041.jpg in Resources */,
				4B2D5DBB25F68A990031707B /* nssl0042.jpg in Resources */,
				4B2D5DA225F67BD60031707B /* LaunchScreen.storyboard in Resources */,
				4B2D5D9F25F67BD60031707B /* Assets.xcassets in Resources */,
				4B2D5DB825F68A990031707B /* nssl0045.jpg in Resources */,
				4B2D5D9D25F67BD50031707B /* Main.storyboard in Resources */,
			);
			runOnlyForDeploymentPostprocessing = 0;
		};
/* End PBXResourcesBuildPhase section */

/* Begin PBXSourcesBuildPhase section */
		4B2D5D8E25F67BD50031707B /* Sources */ = {
			isa = PBXSourcesBuildPhase;
			buildActionMask = 2147483647;
			files = (
				4B2D5D9A25F67BD50031707B /* ViewController.swift in Sources */,
				4B2D5D9625F67BD50031707B /* AppDelegate.swift in Sources */,
				4B2D5D9825F67BD50031707B /* SceneDelegate.swift in Sources */,
				4BEFAB6825F923D80044659F /* DetailViewController.swift in Sources */,
			);
			runOnlyForDeploymentPostprocessing = 0;
		};
/* End PBXSourcesBuildPhase section */

/* Begin PBXVariantGroup section */
		4B2D5D9B25F67BD50031707B /* Main.storyboard */ = {
			isa = PBXVariantGroup;
			children = (
				4B2D5D9C25F67BD50031707B /* Base */,
			);
			name = Main.storyboard;
			sourceTree = "<group>";
		};
		4B2D5DA025F67BD60031707B /* LaunchScreen.storyboard */ = {
			isa = PBXVariantGroup;
			children = (
				4B2D5DA125F67BD60031707B /* Base */,
			);
			name = LaunchScreen.storyboard;
			sourceTree = "<group>";
		};
/* End PBXVariantGroup section */

/* Begin XCBuildConfiguration section */
		4B2D5DA425F67BD60031707B /* Debug */ = {
			isa = XCBuildConfiguration;
			buildSettings = {
				ALWAYS_SEARCH_USER_PATHS = NO;
				CLANG_ANALYZER_NONNULL = YES;
				CLANG_ANALYZER_NUMBER_OBJECT_CONVERSION = YES_AGGRESSIVE;
				CLANG_CXX_LANGUAGE_STANDARD = "gnu++14";
				CLANG_CXX_LIBRARY = "libc++";
				CLANG_ENABLE_MODULES = YES;
				CLANG_ENABLE_OBJC_ARC = YES;
				CLANG_ENABLE_OBJC_WEAK = YES;
				CLANG_WARN_BLOCK_CAPTURE_AUTORELEASING = YES;
				CLANG_WARN_BOOL_CONVERSION = YES;
				CLANG_WARN_COMMA = YES;
				CLANG_WARN_CONSTANT_CONVERSION = YES;
				CLANG_WARN_DEPRECATED_OBJC_IMPLEMENTATIONS = YES;
				CLANG_WARN_DIRECT_OBJC_ISA_USAGE = YES_ERROR;
				CLANG_WARN_DOCUMENTATION_COMMENTS = YES;
				CLANG_WARN_EMPTY_BODY = YES;
				CLANG_WARN_ENUM_CONVERSION = YES;
				CLANG_WARN_INFINITE_RECURSION = YES;
				CLANG_WARN_INT_CONVERSION = YES;
				CLANG_WARN_NON_LITERAL_NULL_CONVERSION = YES;
				CLANG_WARN_OBJC_IMPLICIT_RETAIN_SELF = YES;
				CLANG_WARN_OBJC_LITERAL_CONVERSION = YES;
				CLANG_WARN_OBJC_ROOT_CLASS = YES_ERROR;
				CLANG_WARN_QUOTED_INCLUDE_IN_FRAMEWORK_HEADER = YES;
				CLANG_WARN_RANGE_LOOP_ANALYSIS = YES;
				CLANG_WARN_STRICT_PROTOTYPES = YES;
				CLANG_WARN_SUSPICIOUS_MOVE = YES;
				CLANG_WARN_UNGUARDED_AVAILABILITY = YES_AGGRESSIVE;
				CLANG_WARN_UNREACHABLE_CODE = YES;
				CLANG_WARN__DUPLICATE_METHOD_MATCH = YES;
				COPY_PHASE_STRIP = NO;
				DEBUG_INFORMATION_FORMAT = dwarf;
				ENABLE_STRICT_OBJC_MSGSEND = YES;
				ENABLE_TESTABILITY = YES;
				GCC_C_LANGUAGE_STANDARD = gnu11;
				GCC_DYNAMIC_NO_PIC = NO;
				GCC_NO_COMMON_BLOCKS = YES;
				GCC_OPTIMIZATION_LEVEL = 0;
				GCC_PREPROCESSOR_DEFINITIONS = (
					"DEBUG=1",
					"$(inherited)",
				);
				GCC_WARN_64_TO_32_BIT_CONVERSION = YES;
				GCC_WARN_ABOUT_RETURN_TYPE = YES_ERROR;
				GCC_WARN_UNDECLARED_SELECTOR = YES;
				GCC_WARN_UNINITIALIZED_AUTOS = YES_AGGRESSIVE;
				GCC_WARN_UNUSED_FUNCTION = YES;
				GCC_WARN_UNUSED_VARIABLE = YES;
				IPHONEOS_DEPLOYMENT_TARGET = 14.4;
				MTL_ENABLE_DEBUG_INFO = INCLUDE_SOURCE;
				MTL_FAST_MATH = YES;
				ONLY_ACTIVE_ARCH = YES;
				SDKROOT = iphoneos;
				SWIFT_ACTIVE_COMPILATION_CONDITIONS = DEBUG;
				SWIFT_OPTIMIZATION_LEVEL = "-Onone";
			};
			name = Debug;
		};
		4B2D5DA525F67BD60031707B /* Release */ = {
			isa = XCBuildConfiguration;
			buildSettings = {
				ALWAYS_SEARCH_USER_PATHS = NO;
				CLANG_ANALYZER_NONNULL = YES;
				CLANG_ANALYZER_NUMBER_OBJECT_CONVERSION = YES_AGGRESSIVE;
				CLANG_CXX_LANGUAGE_STANDARD = "gnu++14";
				CLANG_CXX_LIBRARY = "libc++";
				CLANG_ENABLE_MODULES = YES;
				CLANG_ENABLE_OBJC_ARC = YES;
				CLANG_ENABLE_OBJC_WEAK = YES;
				CLANG_WARN_BLOCK_CAPTURE_AUTORELEASING = YES;
				CLANG_WARN_BOOL_CONVERSION = YES;
				CLANG_WARN_COMMA = YES;
				CLANG_WARN_CONSTANT_CONVERSION = YES;
				CLANG_WARN_DEPRECATED_OBJC_IMPLEMENTATIONS = YES;
				CLANG_WARN_DIRECT_OBJC_ISA_USAGE = YES_ERROR;
				CLANG_WARN_DOCUMENTATION_COMMENTS = YES;
				CLANG_WARN_EMPTY_BODY = YES;
				CLANG_WARN_ENUM_CONVERSION = YES;
				CLANG_WARN_INFINITE_RECURSION = YES;
				CLANG_WARN_INT_CONVERSION = YES;
				CLANG_WARN_NON_LITERAL_NULL_CONVERSION = YES;
				CLANG_WARN_OBJC_IMPLICIT_RETAIN_SELF = YES;
				CLANG_WARN_OBJC_LITERAL_CONVERSION = YES;
				CLANG_WARN_OBJC_ROOT_CLASS = YES_ERROR;
				CLANG_WARN_QUOTED_INCLUDE_IN_FRAMEWORK_HEADER = YES;
				CLANG_WARN_RANGE_LOOP_ANALYSIS = YES;
				CLANG_WARN_STRICT_PROTOTYPES = YES;
				CLANG_WARN_SUSPICIOUS_MOVE = YES;
				CLANG_WARN_UNGUARDED_AVAILABILITY = YES_AGGRESSIVE;
				CLANG_WARN_UNREACHABLE_CODE = YES;
				CLANG_WARN__DUPLICATE_METHOD_MATCH = YES;
				COPY_PHASE_STRIP = NO;
				DEBUG_INFORMATION_FORMAT = "dwarf-with-dsym";
				ENABLE_NS_ASSERTIONS = NO;
				ENABLE_STRICT_OBJC_MSGSEND = YES;
				GCC_C_LANGUAGE_STANDARD = gnu11;
				GCC_NO_COMMON_BLOCKS = YES;
				GCC_WARN_64_TO_32_BIT_CONVERSION = YES;
				GCC_WARN_ABOUT_RETURN_TYPE = YES_ERROR;
				GCC_WARN_UNDECLARED_SELECTOR = YES;
				GCC_WARN_UNINITIALIZED_AUTOS = YES_AGGRESSIVE;
				GCC_WARN_UNUSED_FUNCTION = YES;
				GCC_WARN_UNUSED_VARIABLE = YES;
				IPHONEOS_DEPLOYMENT_TARGET = 14.4;
				MTL_ENABLE_DEBUG_INFO = NO;
				MTL_FAST_MATH = YES;
				SDKROOT = iphoneos;
				SWIFT_COMPILATION_MODE = wholemodule;
				SWIFT_OPTIMIZATION_LEVEL = "-O";
				VALIDATE_PRODUCT = YES;
			};
			name = Release;
		};
		4B2D5DA725F67BD60031707B /* Debug */ = {
			isa = XCBuildConfiguration;
			buildSettings = {
				ASSETCATALOG_COMPILER_APPICON_NAME = AppIcon;
				ASSETCATALOG_COMPILER_GLOBAL_ACCENT_COLOR_NAME = AccentColor;
				CODE_SIGN_STYLE = Automatic;
				DEVELOPMENT_TEAM = W4KGN5KBY5;
				INFOPLIST_FILE = Project1/Info.plist;
				LD_RUNPATH_SEARCH_PATHS = (
					"$(inherited)",
					"@executable_path/Frameworks",
				);
				PRODUCT_BUNDLE_IDENTIFIER = com.dediprakasa.Project1;
				PRODUCT_NAME = "$(TARGET_NAME)";
				SWIFT_VERSION = 5.0;
				TARGETED_DEVICE_FAMILY = "1,2";
			};
			name = Debug;
		};
		4B2D5DA825F67BD60031707B /* Release */ = {
			isa = XCBuildConfiguration;
			buildSettings = {
				ASSETCATALOG_COMPILER_APPICON_NAME = AppIcon;
				ASSETCATALOG_COMPILER_GLOBAL_ACCENT_COLOR_NAME = AccentColor;
				CODE_SIGN_STYLE = Automatic;
				DEVELOPMENT_TEAM = W4KGN5KBY5;
				INFOPLIST_FILE = Project1/Info.plist;
				LD_RUNPATH_SEARCH_PATHS = (
					"$(inherited)",
					"@executable_path/Frameworks",
				);
				PRODUCT_BUNDLE_IDENTIFIER = com.dediprakasa.Project1;
				PRODUCT_NAME = "$(TARGET_NAME)";
				SWIFT_VERSION = 5.0;
				TARGETED_DEVICE_FAMILY = "1,2";
			};
			name = Release;
		};
/* End XCBuildConfiguration section */

/* Begin XCConfigurationList section */
		4B2D5D8D25F67BD50031707B /* Build configuration list for PBXProject "Project1" */ = {
			isa = XCConfigurationList;
			buildConfigurations = (
				4B2D5DA425F67BD60031707B /* Debug */,
				4B2D5DA525F67BD60031707B /* Release */,
			);
			defaultConfigurationIsVisible = 0;
			defaultConfigurationName = Release;
		};
		4B2D5DA625F67BD60031707B /* Build configuration list for PBXNativeTarget "Project1" */ = {
			isa = XCConfigurationList;
			buildConfigurations = (
				4B2D5DA725F67BD60031707B /* Debug */,
				4B2D5DA825F67BD60031707B /* Release */,
			);
			defaultConfigurationIsVisible = 0;
			defaultConfigurationName = Release;
		};
/* End XCConfigurationList section */
	};
	rootObject = 4B2D5D8A25F67BD50031707B /* Project object */;
}
